
Microsoft Visual Studio Solution File, Format Version 12.00
# Visual Studio Version 17
VisualStudioVersion = 17.11.35312.102
MinimumVisualStudioVersion = 10.0.40219.1
Project("{9A19103F-16F7-4668-BE54-9A1E7A4F7556}") = "Parkable.Infra", "Parkable.Infra\Parkable.Infra.csproj", "{02E2042B-5ED9-4277-B20E-712A0F02082E}"
EndProject
Project("{9A19103F-16F7-4668-BE54-9A1E7A4F7556}") = "Parkable.Shared", "Parkable.Shared\Parkable.Shared.csproj", "{6F744646-EDAD-4631-9567-C26A0B3C6C2A}"
EndProject
Project("{FAE04EC0-301F-11D3-BF4B-00C04F79EFBC}") = "Parkable.Core", "Parkable.Core\Parkable.Core.csproj", "{351F7344-22B9-4E19-9B96-59B57367E405}"
EndProject
Project("{FAE04EC0-301F-11D3-BF4B-00C04F79EFBC}") = "Parkable.Api", "Parkable.Api\Parkable.Api.csproj", "{660BC2AF-8CBF-4E72-AD25-26BC5F0CF2F3}"
EndProject
Global
	GlobalSection(SolutionConfigurationPlatforms) = preSolution
		Debug|Any CPU = Debug|Any CPU
		Release|Any CPU = Release|Any CPU
	EndGlobalSection
	GlobalSection(ProjectConfigurationPlatforms) = postSolution
		{02E2042B-5ED9-4277-B20E-712A0F02082E}.Debug|Any CPU.ActiveCfg = Debug|Any CPU
		{02E2042B-5ED9-4277-B20E-712A0F02082E}.Debug|Any CPU.Build.0 = Debug|Any CPU
		{02E2042B-5ED9-4277-B20E-712A0F02082E}.Release|Any CPU.ActiveCfg = Release|Any CPU
		{02E2042B-5ED9-4277-B20E-712A0F02082E}.Release|Any CPU.Build.0 = Release|Any CPU
		{6F744646-EDAD-4631-9567-C26A0B3C6C2A}.Debug|Any CPU.ActiveCfg = Debug|Any CPU
		{6F744646-EDAD-4631-9567-C26A0B3C6C2A}.Debug|Any CPU.Build.0 = Debug|Any CPU
		{6F744646-EDAD-4631-9567-C26A0B3C6C2A}.Release|Any CPU.ActiveCfg = Release|Any CPU
		{6F744646-EDAD-4631-9567-C26A0B3C6C2A}.Release|Any CPU.Build.0 = Release|Any CPU
		{351F7344-22B9-4E19-9B96-59B57367E405}.Debug|Any CPU.ActiveCfg = Debug|Any CPU
		{351F7344-22B9-4E19-9B96-59B57367E405}.Debug|Any CPU.Build.0 = Debug|Any CPU
		{351F7344-22B9-4E19-9B96-59B57367E405}.Release|Any CPU.ActiveCfg = Release|Any CPU
		{351F7344-22B9-4E19-9B96-59B57367E405}.Release|Any CPU.Build.0 = Release|Any CPU
		{660BC2AF-8CBF-4E72-AD25-26BC5F0CF2F3}.Debug|Any CPU.ActiveCfg = Debug|Any CPU
		{660BC2AF-8CBF-4E72-AD25-26BC5F0CF2F3}.Debug|Any CPU.Build.0 = Debug|Any CPU
		{660BC2AF-8CBF-4E72-AD25-26BC5F0CF2F3}.Release|Any CPU.ActiveCfg = Release|Any CPU
		{660BC2AF-8CBF-4E72-AD25-26BC5F0CF2F3}.Release|Any CPU.Build.0 = Release|Any CPU
	EndGlobalSection
	GlobalSection(SolutionProperties) = preSolution
		HideSolutionNode = FALSE
	EndGlobalSection
	GlobalSection(ExtensibilityGlobals) = postSolution
		SolutionGuid = {0EACBC0E-72AD-4746-8697-5C3848300A5E}
	EndGlobalSection
EndGlobal
